
Microsoft Visual Studio Solution File, Format Version 12.00
# Visual Studio 15
VisualStudioVersion = 15.0.27004.2009
MinimumVisualStudioVersion = 10.0.40219.1
Project("{2150E333-8FDC-42A3-9474-1A3956D46DE8}") = "src", "src", "{70A3E965-3866-4D23-9626-8D70E0E8729C}"
EndProject
Project("{2150E333-8FDC-42A3-9474-1A3956D46DE8}") = "tests", "tests", "{E4DDFF3F-B830-4687-B3D3-E253CDAC33BF}"
EndProject
Project("{9A19103F-16F7-4668-BE54-9A1E7A4F7556}") = "Meziantou.Framework", "src\Meziantou.Framework\Meziantou.Framework.csproj", "{301FBA31-89C4-49E8-8E9A-9D4AF2D515C4}"
EndProject
Project("{9A19103F-16F7-4668-BE54-9A1E7A4F7556}") = "Meziantou.Framework.TypeConverter", "src\Meziantou.Framework.TypeConverter\Meziantou.Framework.TypeConverter.csproj", "{A33EF443-03BF-4657-BD02-4E04274D3710}"
EndProject
Project("{9A19103F-16F7-4668-BE54-9A1E7A4F7556}") = "Meziantou.Framework.Scheduling", "src\Meziantou.Framework.Scheduling\Meziantou.Framework.Scheduling.csproj", "{8CA4FA0B-FEC3-492C-93DD-4D4FCA6E2703}"
EndProject
Project("{9A19103F-16F7-4668-BE54-9A1E7A4F7556}") = "Meziantou.Framework.Win32.CredentialManager", "src\Meziantou.Framework.Win32.CredentialManager\Meziantou.Framework.Win32.CredentialManager.csproj", "{335A48BB-76CC-4EB5-AF2F-C5E8455BF46E}"
EndProject
Project("{9A19103F-16F7-4668-BE54-9A1E7A4F7556}") = "Meziantou.Framework.Templating", "src\Meziantou.Framework.Templating\Meziantou.Framework.Templating.csproj", "{5EB1D2C3-63A1-42C4-93D6-EFE85C4BB995}"
EndProject
Project("{9A19103F-16F7-4668-BE54-9A1E7A4F7556}") = "Meziantou.Framework.Templating.Html", "src\Meziantou.Framework.Templating.Html\Meziantou.Framework.Templating.Html.csproj", "{8DCA6809-7661-4D16-80DF-E3C97712DF64}"
EndProject
Project("{9A19103F-16F7-4668-BE54-9A1E7A4F7556}") = "Meziantou.Framework.Win32.PerceivedType", "src\Meziantou.Framework.Win32.PerceivedType\Meziantou.Framework.Win32.PerceivedType.csproj", "{3189D307-0CFC-4479-8BF6-7EE625CD6E9C}"
EndProject
Project("{9A19103F-16F7-4668-BE54-9A1E7A4F7556}") = "Meziantou.Framework.Csv", "src\Meziantou.Framework.Csv\Meziantou.Framework.Csv.csproj", "{8B370DAE-75F8-4B71-A384-7303FAFCF2BF}"
EndProject
Project("{9A19103F-16F7-4668-BE54-9A1E7A4F7556}") = "Meziantou.Framework.Tests", "tests\Meziantou.Framework.Tests\Meziantou.Framework.Tests.csproj", "{7712A7A3-00F8-49CF-807B-096881C9FD85}"
EndProject
Project("{9A19103F-16F7-4668-BE54-9A1E7A4F7556}") = "Meziantou.Framework.Templating.Tests", "tests\Meziantou.Framework.Templating.Tests\Meziantou.Framework.Templating.Tests.csproj", "{3BDBA898-8661-4995-AEE8-C54D6701840C}"
EndProject
Project("{9A19103F-16F7-4668-BE54-9A1E7A4F7556}") = "Meziantou.Framework.Templating.Html.Tests", "tests\Meziantou.Framework.Templating.Html.Tests\Meziantou.Framework.Templating.Html.Tests.csproj", "{42FB6EDF-8115-43EB-924C-BE192AD02761}"
EndProject
Project("{9A19103F-16F7-4668-BE54-9A1E7A4F7556}") = "Meziantou.Framework.Win32.CredentialManager.Tests", "tests\Meziantou.Framework.Win32.CredentialManager.Tests\Meziantou.Framework.Win32.CredentialManager.Tests.csproj", "{BD98C94C-C439-49CC-8650-C50D68C9D3C9}"
EndProject
Project("{9A19103F-16F7-4668-BE54-9A1E7A4F7556}") = "Meziantou.Framework.Scheduling.Tests", "tests\Meziantou.Framework.Scheduling.Tests\Meziantou.Framework.Scheduling.Tests.csproj", "{7AF6BB8D-3B61-41DA-9E6A-6A4CBF4F8DD6}"
EndProject
Project("{9A19103F-16F7-4668-BE54-9A1E7A4F7556}") = "Meziantou.Framework.Csv.Tests", "tests\Meziantou.Framework.Csv.Tests\Meziantou.Framework.Csv.Tests.csproj", "{69D5A98F-C16E-4C41-8120-EBCF07020FE6}"
EndProject
Project("{9A19103F-16F7-4668-BE54-9A1E7A4F7556}") = "Meziantou.Framework.Win32.PerceivedType.Tests", "tests\Meziantou.Framework.Win32.PerceivedType.Tests\Meziantou.Framework.Win32.PerceivedType.Tests.csproj", "{51424AB5-F655-4F0D-A0C7-8AF9BB3B1BB2}"
EndProject
Project("{9A19103F-16F7-4668-BE54-9A1E7A4F7556}") = "Meziantou.Framework.TypeConverter.Tests", "tests\Meziantou.Framework.TypeConverter.Tests\Meziantou.Framework.TypeConverter.Tests.csproj", "{68C15D62-4838-498F-A11D-AAB05FE89FBC}"
EndProject
Project("{9A19103F-16F7-4668-BE54-9A1E7A4F7556}") = "Meziantou.Framework.CodeDom", "src\Meziantou.Framework.CodeDom\Meziantou.Framework.CodeDom.csproj", "{A2C2363D-DE98-4DDE-B587-59123F4799EB}"
EndProject
Project("{9A19103F-16F7-4668-BE54-9A1E7A4F7556}") = "Meziantou.Framework.CodeDom.Tests", "tests\Meziantou.Framework.CodeDom.Tests\Meziantou.Framework.CodeDom.Tests.csproj", "{6BE5B3FB-0ABB-4D34-AE16-930FD8736CBC}"
EndProject
Project("{9A19103F-16F7-4668-BE54-9A1E7A4F7556}") = "Meziantou.Framework.Win32.AccessToken", "src\Meziantou.Framework.Win32.AccessToken\Meziantou.Framework.Win32.AccessToken.csproj", "{A4B30F36-536B-4F7D-AA36-C8DD7CFC3E21}"
EndProject
Project("{9A19103F-16F7-4668-BE54-9A1E7A4F7556}") = "Meziantou.Framework.Win32.AccessTokenConsole", "Samples\Meziantou.Framework.Win32.AccessTokenConsole\Meziantou.Framework.Win32.AccessTokenConsole.csproj", "{9E9A01AC-4EC5-4CA5-8D03-B4735384725C}"
EndProject
Project("{2150E333-8FDC-42A3-9474-1A3956D46DE8}") = "samples", "samples", "{DB679A70-C2CB-4CD1-9530-D31627343FC5}"
EndProject
Project("{9A19103F-16F7-4668-BE54-9A1E7A4F7556}") = "Meziantou.Framework.CommandLine", "src\Meziantou.Framework.CommandLine\Meziantou.Framework.CommandLine.csproj", "{684E6D0F-25AE-4169-9A69-9B739F9FF71C}"
EndProject
Project("{9A19103F-16F7-4668-BE54-9A1E7A4F7556}") = "Meziantou.Framework.CommandLineTests", "tests\Meziantou.Framework.CommandLineTests\Meziantou.Framework.CommandLineTests.csproj", "{FE6AE531-9319-4E74-998E-76F04F6D4901}"
EndProject
Project("{9A19103F-16F7-4668-BE54-9A1E7A4F7556}") = "EchoArguments", "tests\EchoArguments\EchoArguments.csproj", "{85B252D5-BBE1-46ED-9D78-5E84125C2F80}"
EndProject
Project("{9A19103F-16F7-4668-BE54-9A1E7A4F7556}") = "Meziantou.Framework.Win32.Dialogs", "src\Meziantou.Framework.Win32.Dialogs\Meziantou.Framework.Win32.Dialogs.csproj", "{1515CCD5-14DF-46BA-9767-E5AFF6BF4C5A}"
EndProject
Project("{FAE04EC0-301F-11D3-BF4B-00C04F79EFBC}") = "Meziantou.Framework.Win32.DialogsSamples", "Samples\Meziantou.Framework.Win32.DialogsSamples\Meziantou.Framework.Win32.DialogsSamples.csproj", "{8ED9101B-5E85-49EB-A216-F542E8AD9F79}"
EndProject
Project("{9A19103F-16F7-4668-BE54-9A1E7A4F7556}") = "Meziantou.Framework.Win32.Jobs", "src\Meziantou.Framework.Win32.Jobs\Meziantou.Framework.Win32.Jobs.csproj", "{A94CC207-257F-4E41-A575-C5FBF6B121BE}"
EndProject
Project("{FAE04EC0-301F-11D3-BF4B-00C04F79EFBC}") = "Meziantou.Framework.Win32.Lsa", "src\Meziantou.Framework.Win32.Lsa\Meziantou.Framework.Win32.Lsa.csproj", "{4DABE304-CE95-4AE2-A4FE-D15E2D02A1F6}"
EndProject
Global
	GlobalSection(SolutionConfigurationPlatforms) = preSolution
		Debug|Any CPU = Debug|Any CPU
		Release|Any CPU = Release|Any CPU
	EndGlobalSection
	GlobalSection(ProjectConfigurationPlatforms) = postSolution
		{301FBA31-89C4-49E8-8E9A-9D4AF2D515C4}.Debug|Any CPU.ActiveCfg = Debug|Any CPU
		{301FBA31-89C4-49E8-8E9A-9D4AF2D515C4}.Debug|Any CPU.Build.0 = Debug|Any CPU
		{301FBA31-89C4-49E8-8E9A-9D4AF2D515C4}.Release|Any CPU.ActiveCfg = Release|Any CPU
		{301FBA31-89C4-49E8-8E9A-9D4AF2D515C4}.Release|Any CPU.Build.0 = Release|Any CPU
		{A33EF443-03BF-4657-BD02-4E04274D3710}.Debug|Any CPU.ActiveCfg = Debug|Any CPU
		{A33EF443-03BF-4657-BD02-4E04274D3710}.Debug|Any CPU.Build.0 = Debug|Any CPU
		{A33EF443-03BF-4657-BD02-4E04274D3710}.Release|Any CPU.ActiveCfg = Release|Any CPU
		{A33EF443-03BF-4657-BD02-4E04274D3710}.Release|Any CPU.Build.0 = Release|Any CPU
		{8CA4FA0B-FEC3-492C-93DD-4D4FCA6E2703}.Debug|Any CPU.ActiveCfg = Debug|Any CPU
		{8CA4FA0B-FEC3-492C-93DD-4D4FCA6E2703}.Debug|Any CPU.Build.0 = Debug|Any CPU
		{8CA4FA0B-FEC3-492C-93DD-4D4FCA6E2703}.Release|Any CPU.ActiveCfg = Release|Any CPU
		{8CA4FA0B-FEC3-492C-93DD-4D4FCA6E2703}.Release|Any CPU.Build.0 = Release|Any CPU
		{335A48BB-76CC-4EB5-AF2F-C5E8455BF46E}.Debug|Any CPU.ActiveCfg = Debug|Any CPU
		{335A48BB-76CC-4EB5-AF2F-C5E8455BF46E}.Debug|Any CPU.Build.0 = Debug|Any CPU
		{335A48BB-76CC-4EB5-AF2F-C5E8455BF46E}.Release|Any CPU.ActiveCfg = Release|Any CPU
		{335A48BB-76CC-4EB5-AF2F-C5E8455BF46E}.Release|Any CPU.Build.0 = Release|Any CPU
		{5EB1D2C3-63A1-42C4-93D6-EFE85C4BB995}.Debug|Any CPU.ActiveCfg = Debug|Any CPU
		{5EB1D2C3-63A1-42C4-93D6-EFE85C4BB995}.Debug|Any CPU.Build.0 = Debug|Any CPU
		{5EB1D2C3-63A1-42C4-93D6-EFE85C4BB995}.Release|Any CPU.ActiveCfg = Release|Any CPU
		{5EB1D2C3-63A1-42C4-93D6-EFE85C4BB995}.Release|Any CPU.Build.0 = Release|Any CPU
		{8DCA6809-7661-4D16-80DF-E3C97712DF64}.Debug|Any CPU.ActiveCfg = Debug|Any CPU
		{8DCA6809-7661-4D16-80DF-E3C97712DF64}.Debug|Any CPU.Build.0 = Debug|Any CPU
		{8DCA6809-7661-4D16-80DF-E3C97712DF64}.Release|Any CPU.ActiveCfg = Release|Any CPU
		{8DCA6809-7661-4D16-80DF-E3C97712DF64}.Release|Any CPU.Build.0 = Release|Any CPU
		{3189D307-0CFC-4479-8BF6-7EE625CD6E9C}.Debug|Any CPU.ActiveCfg = Debug|Any CPU
		{3189D307-0CFC-4479-8BF6-7EE625CD6E9C}.Debug|Any CPU.Build.0 = Debug|Any CPU
		{3189D307-0CFC-4479-8BF6-7EE625CD6E9C}.Release|Any CPU.ActiveCfg = Release|Any CPU
		{3189D307-0CFC-4479-8BF6-7EE625CD6E9C}.Release|Any CPU.Build.0 = Release|Any CPU
		{8B370DAE-75F8-4B71-A384-7303FAFCF2BF}.Debug|Any CPU.ActiveCfg = Debug|Any CPU
		{8B370DAE-75F8-4B71-A384-7303FAFCF2BF}.Debug|Any CPU.Build.0 = Debug|Any CPU
		{8B370DAE-75F8-4B71-A384-7303FAFCF2BF}.Release|Any CPU.ActiveCfg = Release|Any CPU
		{8B370DAE-75F8-4B71-A384-7303FAFCF2BF}.Release|Any CPU.Build.0 = Release|Any CPU
		{7712A7A3-00F8-49CF-807B-096881C9FD85}.Debug|Any CPU.ActiveCfg = Debug|Any CPU
		{7712A7A3-00F8-49CF-807B-096881C9FD85}.Debug|Any CPU.Build.0 = Debug|Any CPU
		{7712A7A3-00F8-49CF-807B-096881C9FD85}.Release|Any CPU.ActiveCfg = Release|Any CPU
		{7712A7A3-00F8-49CF-807B-096881C9FD85}.Release|Any CPU.Build.0 = Release|Any CPU
		{3BDBA898-8661-4995-AEE8-C54D6701840C}.Debug|Any CPU.ActiveCfg = Debug|Any CPU
		{3BDBA898-8661-4995-AEE8-C54D6701840C}.Debug|Any CPU.Build.0 = Debug|Any CPU
		{3BDBA898-8661-4995-AEE8-C54D6701840C}.Release|Any CPU.ActiveCfg = Release|Any CPU
		{3BDBA898-8661-4995-AEE8-C54D6701840C}.Release|Any CPU.Build.0 = Release|Any CPU
		{42FB6EDF-8115-43EB-924C-BE192AD02761}.Debug|Any CPU.ActiveCfg = Debug|Any CPU
		{42FB6EDF-8115-43EB-924C-BE192AD02761}.Debug|Any CPU.Build.0 = Debug|Any CPU
		{42FB6EDF-8115-43EB-924C-BE192AD02761}.Release|Any CPU.ActiveCfg = Release|Any CPU
		{42FB6EDF-8115-43EB-924C-BE192AD02761}.Release|Any CPU.Build.0 = Release|Any CPU
		{BD98C94C-C439-49CC-8650-C50D68C9D3C9}.Debug|Any CPU.ActiveCfg = Debug|Any CPU
		{BD98C94C-C439-49CC-8650-C50D68C9D3C9}.Debug|Any CPU.Build.0 = Debug|Any CPU
		{BD98C94C-C439-49CC-8650-C50D68C9D3C9}.Release|Any CPU.ActiveCfg = Release|Any CPU
		{BD98C94C-C439-49CC-8650-C50D68C9D3C9}.Release|Any CPU.Build.0 = Release|Any CPU
		{7AF6BB8D-3B61-41DA-9E6A-6A4CBF4F8DD6}.Debug|Any CPU.ActiveCfg = Debug|Any CPU
		{7AF6BB8D-3B61-41DA-9E6A-6A4CBF4F8DD6}.Debug|Any CPU.Build.0 = Debug|Any CPU
		{7AF6BB8D-3B61-41DA-9E6A-6A4CBF4F8DD6}.Release|Any CPU.ActiveCfg = Release|Any CPU
		{7AF6BB8D-3B61-41DA-9E6A-6A4CBF4F8DD6}.Release|Any CPU.Build.0 = Release|Any CPU
		{69D5A98F-C16E-4C41-8120-EBCF07020FE6}.Debug|Any CPU.ActiveCfg = Debug|Any CPU
		{69D5A98F-C16E-4C41-8120-EBCF07020FE6}.Debug|Any CPU.Build.0 = Debug|Any CPU
		{69D5A98F-C16E-4C41-8120-EBCF07020FE6}.Release|Any CPU.ActiveCfg = Release|Any CPU
		{69D5A98F-C16E-4C41-8120-EBCF07020FE6}.Release|Any CPU.Build.0 = Release|Any CPU
		{51424AB5-F655-4F0D-A0C7-8AF9BB3B1BB2}.Debug|Any CPU.ActiveCfg = Debug|Any CPU
		{51424AB5-F655-4F0D-A0C7-8AF9BB3B1BB2}.Debug|Any CPU.Build.0 = Debug|Any CPU
		{51424AB5-F655-4F0D-A0C7-8AF9BB3B1BB2}.Release|Any CPU.ActiveCfg = Release|Any CPU
		{51424AB5-F655-4F0D-A0C7-8AF9BB3B1BB2}.Release|Any CPU.Build.0 = Release|Any CPU
		{68C15D62-4838-498F-A11D-AAB05FE89FBC}.Debug|Any CPU.ActiveCfg = Debug|Any CPU
		{68C15D62-4838-498F-A11D-AAB05FE89FBC}.Debug|Any CPU.Build.0 = Debug|Any CPU
		{68C15D62-4838-498F-A11D-AAB05FE89FBC}.Release|Any CPU.ActiveCfg = Release|Any CPU
		{68C15D62-4838-498F-A11D-AAB05FE89FBC}.Release|Any CPU.Build.0 = Release|Any CPU
		{A2C2363D-DE98-4DDE-B587-59123F4799EB}.Debug|Any CPU.ActiveCfg = Debug|Any CPU
		{A2C2363D-DE98-4DDE-B587-59123F4799EB}.Debug|Any CPU.Build.0 = Debug|Any CPU
		{A2C2363D-DE98-4DDE-B587-59123F4799EB}.Release|Any CPU.ActiveCfg = Release|Any CPU
		{A2C2363D-DE98-4DDE-B587-59123F4799EB}.Release|Any CPU.Build.0 = Release|Any CPU
		{6BE5B3FB-0ABB-4D34-AE16-930FD8736CBC}.Debug|Any CPU.ActiveCfg = Debug|Any CPU
		{6BE5B3FB-0ABB-4D34-AE16-930FD8736CBC}.Debug|Any CPU.Build.0 = Debug|Any CPU
		{6BE5B3FB-0ABB-4D34-AE16-930FD8736CBC}.Release|Any CPU.ActiveCfg = Release|Any CPU
		{6BE5B3FB-0ABB-4D34-AE16-930FD8736CBC}.Release|Any CPU.Build.0 = Release|Any CPU
		{A4B30F36-536B-4F7D-AA36-C8DD7CFC3E21}.Debug|Any CPU.ActiveCfg = Debug|Any CPU
		{A4B30F36-536B-4F7D-AA36-C8DD7CFC3E21}.Debug|Any CPU.Build.0 = Debug|Any CPU
		{A4B30F36-536B-4F7D-AA36-C8DD7CFC3E21}.Release|Any CPU.ActiveCfg = Release|Any CPU
		{A4B30F36-536B-4F7D-AA36-C8DD7CFC3E21}.Release|Any CPU.Build.0 = Release|Any CPU
		{9E9A01AC-4EC5-4CA5-8D03-B4735384725C}.Debug|Any CPU.ActiveCfg = Debug|Any CPU
		{9E9A01AC-4EC5-4CA5-8D03-B4735384725C}.Debug|Any CPU.Build.0 = Debug|Any CPU
		{9E9A01AC-4EC5-4CA5-8D03-B4735384725C}.Release|Any CPU.ActiveCfg = Release|Any CPU
		{9E9A01AC-4EC5-4CA5-8D03-B4735384725C}.Release|Any CPU.Build.0 = Release|Any CPU
		{684E6D0F-25AE-4169-9A69-9B739F9FF71C}.Debug|Any CPU.ActiveCfg = Debug|Any CPU
		{684E6D0F-25AE-4169-9A69-9B739F9FF71C}.Debug|Any CPU.Build.0 = Debug|Any CPU
		{684E6D0F-25AE-4169-9A69-9B739F9FF71C}.Release|Any CPU.ActiveCfg = Release|Any CPU
		{684E6D0F-25AE-4169-9A69-9B739F9FF71C}.Release|Any CPU.Build.0 = Release|Any CPU
		{FE6AE531-9319-4E74-998E-76F04F6D4901}.Debug|Any CPU.ActiveCfg = Debug|Any CPU
		{FE6AE531-9319-4E74-998E-76F04F6D4901}.Debug|Any CPU.Build.0 = Debug|Any CPU
		{FE6AE531-9319-4E74-998E-76F04F6D4901}.Release|Any CPU.ActiveCfg = Release|Any CPU
		{FE6AE531-9319-4E74-998E-76F04F6D4901}.Release|Any CPU.Build.0 = Release|Any CPU
		{85B252D5-BBE1-46ED-9D78-5E84125C2F80}.Debug|Any CPU.ActiveCfg = Debug|Any CPU
		{85B252D5-BBE1-46ED-9D78-5E84125C2F80}.Debug|Any CPU.Build.0 = Debug|Any CPU
		{85B252D5-BBE1-46ED-9D78-5E84125C2F80}.Release|Any CPU.ActiveCfg = Release|Any CPU
		{85B252D5-BBE1-46ED-9D78-5E84125C2F80}.Release|Any CPU.Build.0 = Release|Any CPU
		{1515CCD5-14DF-46BA-9767-E5AFF6BF4C5A}.Debug|Any CPU.ActiveCfg = Debug|Any CPU
		{1515CCD5-14DF-46BA-9767-E5AFF6BF4C5A}.Debug|Any CPU.Build.0 = Debug|Any CPU
		{1515CCD5-14DF-46BA-9767-E5AFF6BF4C5A}.Release|Any CPU.ActiveCfg = Release|Any CPU
		{1515CCD5-14DF-46BA-9767-E5AFF6BF4C5A}.Release|Any CPU.Build.0 = Release|Any CPU
		{8ED9101B-5E85-49EB-A216-F542E8AD9F79}.Debug|Any CPU.ActiveCfg = Debug|Any CPU
		{8ED9101B-5E85-49EB-A216-F542E8AD9F79}.Debug|Any CPU.Build.0 = Debug|Any CPU
		{8ED9101B-5E85-49EB-A216-F542E8AD9F79}.Release|Any CPU.ActiveCfg = Release|Any CPU
		{8ED9101B-5E85-49EB-A216-F542E8AD9F79}.Release|Any CPU.Build.0 = Release|Any CPU
		{A94CC207-257F-4E41-A575-C5FBF6B121BE}.Debug|Any CPU.ActiveCfg = Debug|Any CPU
		{A94CC207-257F-4E41-A575-C5FBF6B121BE}.Debug|Any CPU.Build.0 = Debug|Any CPU
		{A94CC207-257F-4E41-A575-C5FBF6B121BE}.Release|Any CPU.ActiveCfg = Release|Any CPU
		{A94CC207-257F-4E41-A575-C5FBF6B121BE}.Release|Any CPU.Build.0 = Release|Any CPU
		{4DABE304-CE95-4AE2-A4FE-D15E2D02A1F6}.Debug|Any CPU.ActiveCfg = Debug|Any CPU
		{4DABE304-CE95-4AE2-A4FE-D15E2D02A1F6}.Debug|Any CPU.Build.0 = Debug|Any CPU
		{4DABE304-CE95-4AE2-A4FE-D15E2D02A1F6}.Release|Any CPU.ActiveCfg = Release|Any CPU
		{4DABE304-CE95-4AE2-A4FE-D15E2D02A1F6}.Release|Any CPU.Build.0 = Release|Any CPU
	EndGlobalSection
	GlobalSection(SolutionProperties) = preSolution
		HideSolutionNode = FALSE
	EndGlobalSection
	GlobalSection(NestedProjects) = preSolution
		{301FBA31-89C4-49E8-8E9A-9D4AF2D515C4} = {70A3E965-3866-4D23-9626-8D70E0E8729C}
		{A33EF443-03BF-4657-BD02-4E04274D3710} = {70A3E965-3866-4D23-9626-8D70E0E8729C}
		{8CA4FA0B-FEC3-492C-93DD-4D4FCA6E2703} = {70A3E965-3866-4D23-9626-8D70E0E8729C}
		{335A48BB-76CC-4EB5-AF2F-C5E8455BF46E} = {70A3E965-3866-4D23-9626-8D70E0E8729C}
		{5EB1D2C3-63A1-42C4-93D6-EFE85C4BB995} = {70A3E965-3866-4D23-9626-8D70E0E8729C}
		{8DCA6809-7661-4D16-80DF-E3C97712DF64} = {70A3E965-3866-4D23-9626-8D70E0E8729C}
		{3189D307-0CFC-4479-8BF6-7EE625CD6E9C} = {70A3E965-3866-4D23-9626-8D70E0E8729C}
		{8B370DAE-75F8-4B71-A384-7303FAFCF2BF} = {70A3E965-3866-4D23-9626-8D70E0E8729C}
		{7712A7A3-00F8-49CF-807B-096881C9FD85} = {E4DDFF3F-B830-4687-B3D3-E253CDAC33BF}
		{3BDBA898-8661-4995-AEE8-C54D6701840C} = {E4DDFF3F-B830-4687-B3D3-E253CDAC33BF}
		{42FB6EDF-8115-43EB-924C-BE192AD02761} = {E4DDFF3F-B830-4687-B3D3-E253CDAC33BF}
		{BD98C94C-C439-49CC-8650-C50D68C9D3C9} = {E4DDFF3F-B830-4687-B3D3-E253CDAC33BF}
		{7AF6BB8D-3B61-41DA-9E6A-6A4CBF4F8DD6} = {E4DDFF3F-B830-4687-B3D3-E253CDAC33BF}
		{69D5A98F-C16E-4C41-8120-EBCF07020FE6} = {E4DDFF3F-B830-4687-B3D3-E253CDAC33BF}
		{51424AB5-F655-4F0D-A0C7-8AF9BB3B1BB2} = {E4DDFF3F-B830-4687-B3D3-E253CDAC33BF}
		{68C15D62-4838-498F-A11D-AAB05FE89FBC} = {E4DDFF3F-B830-4687-B3D3-E253CDAC33BF}
		{A2C2363D-DE98-4DDE-B587-59123F4799EB} = {70A3E965-3866-4D23-9626-8D70E0E8729C}
		{6BE5B3FB-0ABB-4D34-AE16-930FD8736CBC} = {E4DDFF3F-B830-4687-B3D3-E253CDAC33BF}
		{A4B30F36-536B-4F7D-AA36-C8DD7CFC3E21} = {70A3E965-3866-4D23-9626-8D70E0E8729C}
		{9E9A01AC-4EC5-4CA5-8D03-B4735384725C} = {DB679A70-C2CB-4CD1-9530-D31627343FC5}
		{684E6D0F-25AE-4169-9A69-9B739F9FF71C} = {70A3E965-3866-4D23-9626-8D70E0E8729C}
		{FE6AE531-9319-4E74-998E-76F04F6D4901} = {E4DDFF3F-B830-4687-B3D3-E253CDAC33BF}
		{85B252D5-BBE1-46ED-9D78-5E84125C2F80} = {E4DDFF3F-B830-4687-B3D3-E253CDAC33BF}
		{1515CCD5-14DF-46BA-9767-E5AFF6BF4C5A} = {70A3E965-3866-4D23-9626-8D70E0E8729C}
		{8ED9101B-5E85-49EB-A216-F542E8AD9F79} = {DB679A70-C2CB-4CD1-9530-D31627343FC5}
		{A94CC207-257F-4E41-A575-C5FBF6B121BE} = {70A3E965-3866-4D23-9626-8D70E0E8729C}
		{4DABE304-CE95-4AE2-A4FE-D15E2D02A1F6} = {70A3E965-3866-4D23-9626-8D70E0E8729C}
	EndGlobalSection
	GlobalSection(ExtensibilityGlobals) = postSolution
		SolutionGuid = {AA866021-BF24-4172-A655-F0E8316C38BA}
	EndGlobalSection
EndGlobal
