{
  "version": 1,
  "dependencies": {
    ".NETFramework,Version=v4.6.1": {
      "Meziantou.Analyzer": {
        "type": "Direct",
        "requested": "[1.0.642, )",
        "resolved": "1.0.642",
        "contentHash": "K1abrwwn8WET9MNxAZ5JS4Jy6hltX2iUqFBAFHDuqF+Y9/cI/P8l6MvzuAW8zg8rcuVS3iGs6x/hNAEDr7uObQ=="
      },
      "Microsoft.CodeAnalysis.NetAnalyzers": {
        "type": "Direct",
        "requested": "[5.0.1, )",
        "resolved": "5.0.1",
        "contentHash": "cntr+DrujUBhwa2hYc6KpR5PAeyFHHLPKW6hei2Canjkrme96+ZN9Et/jCLPVERcF/erTqJBpDhx14nuIP4bqg=="
      },
      "Microsoft.SourceLink.GitHub": {
        "type": "Direct",
        "requested": "[1.0.0, )",
        "resolved": "1.0.0",
        "contentHash": "aZyGyGg2nFSxix+xMkPmlmZSsnGQ3w+mIG23LTxJZHN+GPwTQ5FpPgDo7RMOq+Kcf5D4hFWfXkGhoGstawX13Q==",
        "dependencies": {
          "Microsoft.Build.Tasks.Git": "1.0.0",
          "Microsoft.SourceLink.Common": "1.0.0"
        }
      },
      "Microsoft.Build.Tasks.Git": {
        "type": "Transitive",
        "resolved": "1.0.0",
        "contentHash": "z2fpmmt+1Jfl+ZnBki9nSP08S1/tbEOxFdsK1rSR+LBehIJz1Xv9/6qOOoGNqlwnAGGVGis1Oj6S8Kt9COEYlQ=="
      },
      "Microsoft.SourceLink.Common": {
        "type": "Transitive",
        "resolved": "1.0.0",
        "contentHash": "G8DuQY8/DK5NN+3jm5wcMcd9QYD90UV7MiLmdljSJixi3U/vNaeBKmmXUqI4DJCOeWizIUEh4ALhSt58mR+5eg=="
      },
      "meziantou.framework.singleinstance": {
        "type": "Project"
      }
    },
    ".NETFramework,Version=v4.6.1/win7-x86": {},
    ".NETCoreApp,Version=v5.0": {
      "Meziantou.Analyzer": {
        "type": "Direct",
        "requested": "[1.0.642, )",
        "resolved": "1.0.642",
        "contentHash": "K1abrwwn8WET9MNxAZ5JS4Jy6hltX2iUqFBAFHDuqF+Y9/cI/P8l6MvzuAW8zg8rcuVS3iGs6x/hNAEDr7uObQ=="
      },
      "Microsoft.CodeAnalysis.NetAnalyzers": {
        "type": "Direct",
        "requested": "[5.0.1, )",
        "resolved": "5.0.1",
        "contentHash": "cntr+DrujUBhwa2hYc6KpR5PAeyFHHLPKW6hei2Canjkrme96+ZN9Et/jCLPVERcF/erTqJBpDhx14nuIP4bqg=="
      },
      "Microsoft.SourceLink.GitHub": {
        "type": "Direct",
        "requested": "[1.0.0, )",
        "resolved": "1.0.0",
        "contentHash": "aZyGyGg2nFSxix+xMkPmlmZSsnGQ3w+mIG23LTxJZHN+GPwTQ5FpPgDo7RMOq+Kcf5D4hFWfXkGhoGstawX13Q==",
        "dependencies": {
          "Microsoft.Build.Tasks.Git": "1.0.0",
          "Microsoft.SourceLink.Common": "1.0.0"
        }
      },
      "Microsoft.Build.Tasks.Git": {
        "type": "Transitive",
        "resolved": "1.0.0",
        "contentHash": "z2fpmmt+1Jfl+ZnBki9nSP08S1/tbEOxFdsK1rSR+LBehIJz1Xv9/6qOOoGNqlwnAGGVGis1Oj6S8Kt9COEYlQ=="
      },
      "Microsoft.SourceLink.Common": {
        "type": "Transitive",
        "resolved": "1.0.0",
        "contentHash": "G8DuQY8/DK5NN+3jm5wcMcd9QYD90UV7MiLmdljSJixi3U/vNaeBKmmXUqI4DJCOeWizIUEh4ALhSt58mR+5eg=="
      },
      "meziantou.framework.singleinstance": {
        "type": "Project"
      }
    },
    ".NETCoreApp,Version=v5.0/win7-x86": {}
  }
}