<Solution>
  <Folder Name="/src/">
    <Project Path="../src/Meziantou.Framework.Threading/Meziantou.Framework.Threading.csproj" />
  </Folder>
  <Folder Name="/tests/">
    <Project Path="../tests/Meziantou.Framework.Threading.Tests/Meziantou.Framework.Threading.Tests.csproj" />
  </Folder>
</Solution>