<Solution>
  <Project Path="../src/Meziantou.Framework.SingleInstance/Meziantou.Framework.SingleInstance.csproj" />
  <Project Path="../tests/Meziantou.Framework.SingleInstance.Tests/Meziantou.Framework.SingleInstance.Tests.csproj" />
  <Project Path="../tests/TestUtilities/TestUtilities.csproj" />
</Solution>
