<Solution>
  <Folder Name="/src/">
    <Project Path="../src/Meziantou.Framework.Win32.Amsi/Meziantou.Framework.Win32.Amsi.csproj" />
  </Folder>
  <Folder Name="/tests/">
    <Project Path="../tests/TestUtilities/TestUtilities.csproj" />
    <Project Path="../tests/Meziantou.Framework.Win32.AmsiTests/Meziantou.Framework.Win32.AmsiTests.csproj" />
  </Folder>
</Solution>