<Solution>
  <Folder Name="/src/">
    <Project Path="../src/Meziantou.AspNetCore.Components/Meziantou.AspNetCore.Components.csproj" />
  </Folder>
  <Folder Name="/tests/">
    <Project Path="../tests/Meziantou.AspNetCore.Components.Tests/Meziantou.AspNetCore.Components.Tests.csproj" />
  </Folder>
</Solution>