<Solution>
  <Folder Name="/src/">
    <Project Path="../src/Meziantou.Framework.HtmlToMarkdown/Meziantou.Framework.HtmlToMarkdown.csproj" />
  </Folder>
  <Folder Name="/tools/">
    <Project Path="../tools/Meziantou.Framework.HtmlToMarkdown.Emoji.Generator/Meziantou.Framework.HtmlToMarkdown.Emoji.Generator.csproj" />
  </Folder>
</Solution>
