<Solution>
  <Project Path="../src/Meziantou.Framework.FullPath/Meziantou.Framework.FullPath.csproj" />
  <Project Path="../src/Meziantou.Framework.Unicode/Meziantou.Framework.Unicode.csproj" />
  <Project Path="../src/Meziantou.Framework.Versioning/Meziantou.Framework.Versioning.csproj" />
  <Project Path="../tests/Meziantou.Framework.Unicode.Tests/Meziantou.Framework.Unicode.Tests.csproj" />
  <Project Path="../tools/Meziantou.Framework.Unicode.Generator/Meziantou.Framework.Unicode.Generator.csproj" />
</Solution>
