<Solution>
  <Folder Name="/src/">
    <Project Path="../src/Meziantou.Framework.Assertions/Meziantou.Framework.Assertions.csproj" />
  </Folder>
  <Folder Name="/tests/">
    <Project Path="../tests/Meziantou.Framework.Assertions.Tests/Meziantou.Framework.Assertions.Tests.csproj" />
  </Folder>
</Solution>
