<Solution>
  <Folder Name="/src/">
    <Project Path="../src/Meziantou.Framework.Bcrypt/Meziantou.Framework.Bcrypt.csproj" />
    <Project Path="../src/Meziantou.Framework.Http.Htpasswd/Meziantou.Framework.Http.Htpasswd.csproj" />
  </Folder>
  <Folder Name="/tests/">
    <Project Path="../tests/Meziantou.Framework.Http.Htpasswd.Tests/Meziantou.Framework.Http.Htpasswd.Tests.csproj" />
  </Folder>
</Solution>
