<Solution>
  <Folder Name="/src/">
    <Project Path="../src/Meziantou.Framework.Csv/Meziantou.Framework.Csv.csproj" />
    <Project Path="../src/Meziantou.Framework.TypeConverter/Meziantou.Framework.TypeConverter.csproj" />
  </Folder>
  <Folder Name="/tests/">
    <Project Path="../tests/Meziantou.Framework.Csv.Tests/Meziantou.Framework.Csv.Tests.csproj" />
  </Folder>
</Solution>