<Solution>
  <Folder Name="/tests/">
    <Project Path="../tests/Meziantou.Framework.Diagnostics.ContextSnapshot.Tests/Meziantou.Framework.Diagnostics.ContextSnapshot.Tests.csproj" />
  </Folder>
  <Folder Name="/src/">
    <Project Path="../src/Meziantou.Framework.Diagnostics.ContextSnapshot/Meziantou.Framework.Diagnostics.ContextSnapshot.csproj" />
  </Folder>
</Solution>