<Solution>
  <Folder Name="/src/">
    <Project Path="../src/Meziantou.Framework.OpenTelemetryCollector.InMemory/Meziantou.Framework.OpenTelemetryCollector.InMemory.csproj" />
    <Project Path="../src/Meziantou.Framework.OpenTelemetryCollector/Meziantou.Framework.OpenTelemetryCollector.csproj" />
  </Folder>
  <Folder Name="/tests/">
    <Project Path="../tests/Meziantou.Framework.OpenTelemetry.Tests/Meziantou.Framework.OpenTelemetry.Tests.csproj" />
  </Folder>
</Solution>
