<Solution>
  <Project Path="../src/Meziantou.Framework.FullPath/Meziantou.Framework.FullPath.csproj" />
  <Project Path="../src/Meziantou.Framework.NuGetPackageValidation/Meziantou.Framework.NuGetPackageValidation.csproj" />
  <Project Path="../src/Meziantou.Framework.TemporaryDirectory/Meziantou.Framework.TemporaryDirectory.csproj" />
  <Project Path="../src/Meziantou.Framework/Meziantou.Framework.csproj" />
  <Project Path="../tests/Meziantou.Framework.NuGetPackageValidation.Tests/Meziantou.Framework.NuGetPackageValidation.Tests.csproj" />
</Solution>
