<Solution>
  <Folder Name="/tests/">
    <Project Path="../tests/Meziantou.Framework.ObjectMethodExecutor.FSharpTests/Meziantou.Framework.ObjectMethodExecutor.FSharpTests.fsproj" />
    <Project Path="../tests/Meziantou.Framework.ObjectMethodExecutor.Tests/Meziantou.Framework.ObjectMethodExecutor.Tests.csproj" />
  </Folder>
  <Folder Name="/src/">
    <Project Path="../src/Meziantou.Framework.ObjectMethodExecutor/Meziantou.Framework.ObjectMethodExecutor.csproj" />
  </Folder>
</Solution>