<Solution>
  <Folder Name="/src/">
    <Project Path="../src/Meziantou.Framework.StronglyTypedId.Annotations/Meziantou.Framework.StronglyTypedId.Annotations.csproj" />
    <Project Path="../src/Meziantou.Framework.StronglyTypedId/Meziantou.Framework.StronglyTypedId.csproj" />
    <Project Path="../src/Meziantou.Framework.StronglyTypedId.Interfaces/Meziantou.Framework.StronglyTypedId.Interfaces.csproj" />
  </Folder>
  <Folder Name="/tests/SourceGenerators/">
    <Project Path="../tests/Meziantou.Framework.StronglyTypedId.GeneratorTests/Meziantou.Framework.StronglyTypedId.GeneratorTests.csproj" />
  </Folder>
</Solution>