<Solution>
  <Folder Name="/src/">
    <Project Path="../src/Meziantou.Framework.FixedString.Generator/Meziantou.Framework.FixedString.Generator.csproj" />
  </Folder>
  <Folder Name="/tests/">
    <Project Path="../tests/Meziantou.Framework.FixedString.Generator.Tests/Meziantou.Framework.FixedString.Generator.Tests.csproj" />
    <Project Path="../tests/TestUtilities/TestUtilities.csproj" />
  </Folder>
</Solution>
