<Solution>
  <Folder Name="/src/">
    <Project Path="../src/Meziantou.Framework.Language/Meziantou.Framework.Language.csproj" />
  </Folder>
  <Folder Name="/tests/">
    <Project Path="../tests/Meziantou.Framework.Language.Tests/Meziantou.Framework.Language.Tests.csproj" />
  </Folder>
</Solution>
