<Solution>
  <Folder Name="/src/">
    <Project Path="../src/Meziantou.Framework.Toml.SourceGenerator/Meziantou.Framework.Toml.SourceGenerator.csproj" />
    <Project Path="../src/Meziantou.Framework.Toml/Meziantou.Framework.Toml.csproj" />
  </Folder>
  <Folder Name="/tests/">
    <Project Path="../tests/Meziantou.Framework.Toml.AotSmoke/Meziantou.Framework.Toml.AotSmoke.csproj" />
    <Project Path="../tests/Meziantou.Framework.Toml.Tests/Meziantou.Framework.Toml.Tests.csproj" />
  </Folder>
</Solution>
