<Solution>
  <Project Path="../src/Meziantou.Framework.ObjectMethodExecutor/Meziantou.Framework.ObjectMethodExecutor.csproj" />
  <Project Path="../tests/Meziantou.Framework.ObjectMethodExecutor.FSharpTests/Meziantou.Framework.ObjectMethodExecutor.FSharpTests.fsproj" />
  <Project Path="../tests/Meziantou.Framework.ObjectMethodExecutor.Tests/Meziantou.Framework.ObjectMethodExecutor.Tests.csproj" />
</Solution>
