<Solution>
  <Folder Name="/src/">
    <Project Path="../src/Meziantou.Framework.Language.Shell/Meziantou.Framework.Language.Shell.csproj" />
  </Folder>
  <Folder Name="/tests/">
    <Project Path="../tests/Meziantou.Framework.Language.Shell.Tests/Meziantou.Framework.Language.Shell.Tests.csproj" />
  </Folder>
</Solution>
