<Solution>
  <Folder Name="/src/">
    <Project Path="../src/Meziantou.Framework.HtmlSanitizer/Meziantou.Framework.HtmlSanitizer.csproj" />
  </Folder>
  <Folder Name="/tests/">
    <Project Path="../tests/Meziantou.Framework.HtmlSanitizer.Tests/Meziantou.Framework.HtmlSanitizer.Tests.csproj" />
  </Folder>
</Solution>