<Solution>
  <Folder Name="/src/">
    <Project Path="../src/Meziantou.Framework.Http.Hsts/Meziantou.Framework.Http.Hsts.csproj" />
  </Folder>
  <Folder Name="/tools/">
    <Project Path="../tools/Meziantou.Framework.Http.Hsts.Generator/Meziantou.Framework.Http.Hsts.Generator.csproj" />
  </Folder>
</Solution>
